Microsoft Visual Studio Solution File, Format Version 12.00
# Visual Studio Version 17
VisualStudioVersion = 17.0.31903.59
MinimumVisualStudioVersion = 10.0.40219.1
Project("{FAE04EC0-301F-11D3-BF4B-00C04F79EFBC}") = "SharpLogic.Core", "SharpLogic.Core\SharpLogic.Core.csproj", "{B8E4A8A0-4F2C-4E3D-8F1A-9B5C7D6E8F2A}"
EndProject
Project("{FAE04EC0-301F-11D3-BF4B-00C04F79EFBC}") = "SharpLogic.Tests", "SharpLogic.Tests\SharpLogic.Tests.csproj", "{569EFD62-9784-40CE-A297-C6C407FC5540}"
EndProject
Global
	GlobalSection(SolutionConfigurationPlatforms) = preSolution
		Debug|Any CPU = Debug|Any CPU
		Release|Any CPU = Release|Any CPU
	EndGlobalSection
	GlobalSection(ProjectConfigurationPlatforms) = postSolution
		{B8E4A8A0-4F2C-4E3D-8F1A-9B5C7D6E8F2A}.Debug|Any CPU.ActiveCfg = Debug|Any CPU
		{B8E4A8A0-4F2C-4E3D-8F1A-9B5C7D6E8F2A}.Debug|Any CPU.Build.0 = Debug|Any CPU
		{B8E4A8A0-4F2C-4E3D-8F1A-9B5C7D6E8F2A}.Release|Any CPU.ActiveCfg = Release|Any CPU
		{B8E4A8A0-4F2C-4E3D-8F1A-9B5C7D6E8F2A}.Release|Any CPU.Build.0 = Release|Any CPU
		{569EFD62-9784-40CE-A297-C6C407FC5540}.Debug|Any CPU.ActiveCfg = Debug|Any CPU
		{569EFD62-9784-40CE-A297-C6C407FC5540}.Debug|Any CPU.Build.0 = Debug|Any CPU
		{569EFD62-9784-40CE-A297-C6C407FC5540}.Release|Any CPU.ActiveCfg = Release|Any CPU
		{569EFD62-9784-40CE-A297-C6C407FC5540}.Release|Any CPU.Build.0 = Release|Any CPU
	EndGlobalSection
	GlobalSection(SolutionProperties) = preSolution
		HideSolutionNode = FALSE
	EndGlobalSection
	GlobalSection(ExtensibilityGlobals) = postSolution
		SolutionGuid = {25D7C884-98F5-484C-9A00-2AE3693D3A0D}
	EndGlobalSection
EndGlobal
